{
  "object": {
    "pins": [
      {
        "package": "CombineExpectations",
        "repositoryURL": "https://github.com/groue/CombineExpectations.git",
        "state": {
          "branch": "linker",
          "revision": "3e51ec8092153668cdd1cc1b92d119e04cc20e87",
          "version": null
        }
      },
      {
        "package": "CombineTraits",
        "repositoryURL": "https://github.com/chris-araman/CombineTraits.git",
        "state": {
          "branch": "support",
          "revision": "28c2c53f70d4af15f5fb17b39c27cd9189ab1694",
          "version": null
        }
      },
      {
        "package": "swift-argument-parser",
        "repositoryURL": "https://github.com/apple/swift-argument-parser.git",
        "state": {
          "branch": null,
          "revision": "d2930e8fcf9c33162b9fcc1d522bc975e2d4179b",
          "version": "1.0.1"
        }
      },
      {
        "package": "swift-format",
        "repositoryURL": "https://github.com/apple/swift-format.git",
        "state": {
          "branch": "swift-5.5-branch",
          "revision": "f872223e16742fd97fabd319fbf4a939230cc796",
          "version": null
        }
      },
      {
        "package": "SwiftSyntax",
        "repositoryURL": "https://github.com/apple/swift-syntax",
        "state": {
          "branch": null,
          "revision": "75e60475d9d8fd5bbc16a12e0eaa2cb01b0c322e",
          "version": "0.50500.0"
        }
      }
    ]
  },
  "version": 1
}
