{
  "object": {
    "pins": [
      {
        "package": "CombineExpectations",
        "repositoryURL": "https://github.com/groue/CombineExpectations.git",
        "state": {
          "branch": null,
          "revision": "fd64e7111ad1c8ffa225c56d33a519fcdab2bd9a",
          "version": "0.8.0"
        }
      }
    ]
  },
  "version": 1
}
